
Microsoft Visual Studio Solution File, Format Version 12.00
# Visual Studio 15
Project("{FAE04EC0-301F-11D3-BF4B-00C04F79EFBC}") = "696b45eba96bacc45abdbd732a66fe0a", "696b45eba96bacc45abdbd732a66fe0a.csproj", "{B83F48B4-5CBA-0777-7145-67B95462E227}"
EndProject
Project("{FAE04EC0-301F-11D3-BF4B-00C04F79EFBC}") = "696b45eba96bacc45abdbd732a66fe0a.Editor", "696b45eba96bacc45abdbd732a66fe0a.Editor.csproj", "{A9000E21-6B3E-F8B2-EF28-7844F509F77F}"
EndProject
Global
	GlobalSection(SolutionConfigurationPlatforms) = preSolution
		Debug|Any CPU = Debug|Any CPU
		Release|Any CPU = Release|Any CPU
	EndGlobalSection
	GlobalSection(ProjectConfigurationPlatforms) = postSolution
		{B83F48B4-5CBA-0777-7145-67B95462E227}.Debug|Any CPU.ActiveCfg = Debug|Any CPU
		{B83F48B4-5CBA-0777-7145-67B95462E227}.Debug|Any CPU.Build.0 = Debug|Any CPU
		{B83F48B4-5CBA-0777-7145-67B95462E227}.Release|Any CPU.ActiveCfg = Release|Any CPU
		{B83F48B4-5CBA-0777-7145-67B95462E227}.Release|Any CPU.Build.0 = Release|Any CPU
		{A9000E21-6B3E-F8B2-EF28-7844F509F77F}.Debug|Any CPU.ActiveCfg = Debug|Any CPU
		{A9000E21-6B3E-F8B2-EF28-7844F509F77F}.Debug|Any CPU.Build.0 = Debug|Any CPU
		{A9000E21-6B3E-F8B2-EF28-7844F509F77F}.Release|Any CPU.ActiveCfg = Release|Any CPU
		{A9000E21-6B3E-F8B2-EF28-7844F509F77F}.Release|Any CPU.Build.0 = Release|Any CPU
	EndGlobalSection
	GlobalSection(SolutionProperties) = preSolution
		HideSolutionNode = FALSE
	EndGlobalSection
EndGlobal
