
Microsoft Visual Studio Solution File, Format Version 11.00
# Visual Studio 2010
Project("{FAE04EC0-301F-11D3-BF4B-00C04F79EFBC}") = "Assembly-CSharp", "Assembly-CSharp.csproj", "{DBD3E4CA-0F99-3B5B-0FB3-B7B6E40717C9}"
EndProject
Project("{FAE04EC0-301F-11D3-BF4B-00C04F79EFBC}") = "Assembly-CSharp-Editor", "Assembly-CSharp-Editor.csproj", "{33284CA7-2566-5BE4-7246-26D8F9A9BE13}"
EndProject
Global
	GlobalSection(SolutionConfigurationPlatforms) = preSolution
		Debug|Any CPU = Debug|Any CPU
		Release|Any CPU = Release|Any CPU
	EndGlobalSection
	GlobalSection(ProjectConfigurationPlatforms) = postSolution
		{DBD3E4CA-0F99-3B5B-0FB3-B7B6E40717C9}.Debug|Any CPU.ActiveCfg = Debug|Any CPU
		{DBD3E4CA-0F99-3B5B-0FB3-B7B6E40717C9}.Debug|Any CPU.Build.0 = Debug|Any CPU
		{DBD3E4CA-0F99-3B5B-0FB3-B7B6E40717C9}.Release|Any CPU.ActiveCfg = Release|Any CPU
		{DBD3E4CA-0F99-3B5B-0FB3-B7B6E40717C9}.Release|Any CPU.Build.0 = Release|Any CPU
		{33284CA7-2566-5BE4-7246-26D8F9A9BE13}.Debug|Any CPU.ActiveCfg = Debug|Any CPU
		{33284CA7-2566-5BE4-7246-26D8F9A9BE13}.Debug|Any CPU.Build.0 = Debug|Any CPU
		{33284CA7-2566-5BE4-7246-26D8F9A9BE13}.Release|Any CPU.ActiveCfg = Release|Any CPU
		{33284CA7-2566-5BE4-7246-26D8F9A9BE13}.Release|Any CPU.Build.0 = Release|Any CPU
	EndGlobalSection
	GlobalSection(SolutionProperties) = preSolution
		HideSolutionNode = FALSE
	EndGlobalSection
EndGlobal
